
Microsoft Visual Studio Solution File, Format Version 12.00
# Visual Studio Version 16
VisualStudioVersion = 16.0.30621.155
MinimumVisualStudioVersion = 10.0.40219.1
Project("{9A19103F-16F7-4668-BE54-9A1E7A4F7556}") = "facts", "facts.csproj", "{EB6DCA46-1138-476E-8D17-CCDCFF34ED31}"
EndProject
Project("{2150E333-8FDC-42A3-9474-1A3956D46DE8}") = "Solution Items", "Solution Items", "{0B2C313F-2153-4A2C-B8F8-1BD9F0710183}"
EndProject
Global
	GlobalSection(SolutionConfigurationPlatforms) = preSolution
		Debug|Any CPU = Debug|Any CPU
		Release|Any CPU = Release|Any CPU
	EndGlobalSection
	GlobalSection(ProjectConfigurationPlatforms) = postSolution
		{EB6DCA46-1138-476E-8D17-CCDCFF34ED31}.Debug|Any CPU.ActiveCfg = Debug|Any CPU
		{EB6DCA46-1138-476E-8D17-CCDCFF34ED31}.Debug|Any CPU.Build.0 = Debug|Any CPU
		{EB6DCA46-1138-476E-8D17-CCDCFF34ED31}.Release|Any CPU.ActiveCfg = Release|Any CPU
		{EB6DCA46-1138-476E-8D17-CCDCFF34ED31}.Release|Any CPU.Build.0 = Release|Any CPU
	EndGlobalSection
	GlobalSection(SolutionProperties) = preSolution
		HideSolutionNode = FALSE
	EndGlobalSection
	GlobalSection(ExtensibilityGlobals) = postSolution
		SolutionGuid = {615EFDA4-D24F-48A1-B48D-62452EFD4BDC}
	EndGlobalSection
EndGlobal
